
Microsoft Visual Studio Solution File, Format Version 12.00
# Visual Studio 15
Project("{FAE04EC0-301F-11D3-BF4B-00C04F79EFBC}") = "hello", "hello\hello.csproj", "{77FA43C4-EA8E-47A4-84A2-45200387BAAF}"
EndProject
Global
	GlobalSection(SolutionConfigurationPlatforms) = preSolution
		Debug|anycpu = Debug|anycpu
		Release|anycpu = Release|anycpu
	EndGlobalSection
	GlobalSection(ProjectConfigurationPlatforms) = postSolution
		{77FA43C4-EA8E-47A4-84A2-45200387BAAF}.Debug|anycpu.ActiveCfg = Debug|anycpu
		{77FA43C4-EA8E-47A4-84A2-45200387BAAF}.Debug|anycpu.Build.0 = Debug|anycpu
		{77FA43C4-EA8E-47A4-84A2-45200387BAAF}.Release|anycpu.ActiveCfg = Release|anycpu
		{77FA43C4-EA8E-47A4-84A2-45200387BAAF}.Release|anycpu.Build.0 = Release|anycpu
	EndGlobalSection
EndGlobal
